
Microsoft Visual Studio Solution File, Format Version 12.00
# Visual Studio 15
VisualStudioVersion = 15.0.26124.0
MinimumVisualStudioVersion = 15.0.26124.0
Project("{9A19103F-16F7-4668-BE54-9A1E7A4F7556}") = "R5T.Solgene.VS2019.Construction", "R5T.Solgene.VS2019.Construction\R5T.Solgene.VS2019.Construction.csproj", "{EBD9E234-F8C1-4D33-AA14-F3F6F637F54C}"
EndProject
Project("{9A19103F-16F7-4668-BE54-9A1E7A4F7556}") = "R5T.Solgene.VS2019", "R5T.Solgene.VS2019\R5T.Solgene.VS2019.csproj", "{728CE329-F414-4FE8-A553-6B682C72EBDF}"
EndProject
Project("{9A19103F-16F7-4668-BE54-9A1E7A4F7556}") = "R5T.Solgene.VS2019.Testing", "R5T.Solgene.VS2019.Testing\R5T.Solgene.VS2019.Testing.csproj", "{1A56CD00-5CA8-4B16-B128-7906C34AB5A3}"
EndProject
Project("{2150E333-8FDC-42A3-9474-1A3956D46DE8}") = "_Dependencies", "_Dependencies", "{8DA1F39D-D82F-420B-AD20-4FF2A34CB664}"
EndProject
Project("{9A19103F-16F7-4668-BE54-9A1E7A4F7556}") = "R5T.Solgene.Base", "..\..\R5T.Solgene.Base\source\R5T.Solgene.Base\R5T.Solgene.Base.csproj", "{F72FCF7D-A61E-4E06-B395-AC0D18639BF6}"
EndProject
Project("{9A19103F-16F7-4668-BE54-9A1E7A4F7556}") = "R5T.Dacia.Extensions", "..\..\R5T.Dacia.Extensions\source\R5T.Dacia.Extensions\R5T.Dacia.Extensions.csproj", "{0D055B8E-325E-49F5-968D-7B7463E56ED8}"
EndProject
Project("{9A19103F-16F7-4668-BE54-9A1E7A4F7556}") = "R5T.Cambridge.Types", "..\..\R5T.Cambridge.Types\source\R5T.Cambridge.Types\R5T.Cambridge.Types.csproj", "{8F67453E-B524-4DCE-A882-A606A16D7155}"
EndProject
Project("{9A19103F-16F7-4668-BE54-9A1E7A4F7556}") = "R5T.Dacia", "..\..\R5T.Dacia\source\R5T.Dacia\R5T.Dacia.csproj", "{6536D46C-3505-4E22-A89E-34CAC847E3B9}"
EndProject
Project("{FAE04EC0-301F-11D3-BF4B-00C04F79EFBC}") = "R5T.T0064", "..\..\R5T.T0064\source\R5T.T0064\R5T.T0064.csproj", "{A91B4AA6-208F-4DB9-906B-2DBC24E63222}"
EndProject
Global
	GlobalSection(SolutionConfigurationPlatforms) = preSolution
		Debug|Any CPU = Debug|Any CPU
		Debug|x64 = Debug|x64
		Debug|x86 = Debug|x86
		Release|Any CPU = Release|Any CPU
		Release|x64 = Release|x64
		Release|x86 = Release|x86
	EndGlobalSection
	GlobalSection(ProjectConfigurationPlatforms) = postSolution
		{EBD9E234-F8C1-4D33-AA14-F3F6F637F54C}.Debug|Any CPU.ActiveCfg = Debug|Any CPU
		{EBD9E234-F8C1-4D33-AA14-F3F6F637F54C}.Debug|Any CPU.Build.0 = Debug|Any CPU
		{EBD9E234-F8C1-4D33-AA14-F3F6F637F54C}.Debug|x64.ActiveCfg = Debug|Any CPU
		{EBD9E234-F8C1-4D33-AA14-F3F6F637F54C}.Debug|x64.Build.0 = Debug|Any CPU
		{EBD9E234-F8C1-4D33-AA14-F3F6F637F54C}.Debug|x86.ActiveCfg = Debug|Any CPU
		{EBD9E234-F8C1-4D33-AA14-F3F6F637F54C}.Debug|x86.Build.0 = Debug|Any CPU
		{EBD9E234-F8C1-4D33-AA14-F3F6F637F54C}.Release|Any CPU.ActiveCfg = Release|Any CPU
		{EBD9E234-F8C1-4D33-AA14-F3F6F637F54C}.Release|Any CPU.Build.0 = Release|Any CPU
		{EBD9E234-F8C1-4D33-AA14-F3F6F637F54C}.Release|x64.ActiveCfg = Release|Any CPU
		{EBD9E234-F8C1-4D33-AA14-F3F6F637F54C}.Release|x64.Build.0 = Release|Any CPU
		{EBD9E234-F8C1-4D33-AA14-F3F6F637F54C}.Release|x86.ActiveCfg = Release|Any CPU
		{EBD9E234-F8C1-4D33-AA14-F3F6F637F54C}.Release|x86.Build.0 = Release|Any CPU
		{728CE329-F414-4FE8-A553-6B682C72EBDF}.Debug|Any CPU.ActiveCfg = Debug|Any CPU
		{728CE329-F414-4FE8-A553-6B682C72EBDF}.Debug|Any CPU.Build.0 = Debug|Any CPU
		{728CE329-F414-4FE8-A553-6B682C72EBDF}.Debug|x64.ActiveCfg = Debug|Any CPU
		{728CE329-F414-4FE8-A553-6B682C72EBDF}.Debug|x64.Build.0 = Debug|Any CPU
		{728CE329-F414-4FE8-A553-6B682C72EBDF}.Debug|x86.ActiveCfg = Debug|Any CPU
		{728CE329-F414-4FE8-A553-6B682C72EBDF}.Debug|x86.Build.0 = Debug|Any CPU
		{728CE329-F414-4FE8-A553-6B682C72EBDF}.Release|Any CPU.ActiveCfg = Release|Any CPU
		{728CE329-F414-4FE8-A553-6B682C72EBDF}.Release|Any CPU.Build.0 = Release|Any CPU
		{728CE329-F414-4FE8-A553-6B682C72EBDF}.Release|x64.ActiveCfg = Release|Any CPU
		{728CE329-F414-4FE8-A553-6B682C72EBDF}.Release|x64.Build.0 = Release|Any CPU
		{728CE329-F414-4FE8-A553-6B682C72EBDF}.Release|x86.ActiveCfg = Release|Any CPU
		{728CE329-F414-4FE8-A553-6B682C72EBDF}.Release|x86.Build.0 = Release|Any CPU
		{1A56CD00-5CA8-4B16-B128-7906C34AB5A3}.Debug|Any CPU.ActiveCfg = Debug|Any CPU
		{1A56CD00-5CA8-4B16-B128-7906C34AB5A3}.Debug|Any CPU.Build.0 = Debug|Any CPU
		{1A56CD00-5CA8-4B16-B128-7906C34AB5A3}.Debug|x64.ActiveCfg = Debug|Any CPU
		{1A56CD00-5CA8-4B16-B128-7906C34AB5A3}.Debug|x64.Build.0 = Debug|Any CPU
		{1A56CD00-5CA8-4B16-B128-7906C34AB5A3}.Debug|x86.ActiveCfg = Debug|Any CPU
		{1A56CD00-5CA8-4B16-B128-7906C34AB5A3}.Debug|x86.Build.0 = Debug|Any CPU
		{1A56CD00-5CA8-4B16-B128-7906C34AB5A3}.Release|Any CPU.ActiveCfg = Release|Any CPU
		{1A56CD00-5CA8-4B16-B128-7906C34AB5A3}.Release|Any CPU.Build.0 = Release|Any CPU
		{1A56CD00-5CA8-4B16-B128-7906C34AB5A3}.Release|x64.ActiveCfg = Release|Any CPU
		{1A56CD00-5CA8-4B16-B128-7906C34AB5A3}.Release|x64.Build.0 = Release|Any CPU
		{1A56CD00-5CA8-4B16-B128-7906C34AB5A3}.Release|x86.ActiveCfg = Release|Any CPU
		{1A56CD00-5CA8-4B16-B128-7906C34AB5A3}.Release|x86.Build.0 = Release|Any CPU
		{F72FCF7D-A61E-4E06-B395-AC0D18639BF6}.Debug|Any CPU.ActiveCfg = Debug|Any CPU
		{F72FCF7D-A61E-4E06-B395-AC0D18639BF6}.Debug|Any CPU.Build.0 = Debug|Any CPU
		{F72FCF7D-A61E-4E06-B395-AC0D18639BF6}.Debug|x64.ActiveCfg = Debug|Any CPU
		{F72FCF7D-A61E-4E06-B395-AC0D18639BF6}.Debug|x64.Build.0 = Debug|Any CPU
		{F72FCF7D-A61E-4E06-B395-AC0D18639BF6}.Debug|x86.ActiveCfg = Debug|Any CPU
		{F72FCF7D-A61E-4E06-B395-AC0D18639BF6}.Debug|x86.Build.0 = Debug|Any CPU
		{F72FCF7D-A61E-4E06-B395-AC0D18639BF6}.Release|Any CPU.ActiveCfg = Release|Any CPU
		{F72FCF7D-A61E-4E06-B395-AC0D18639BF6}.Release|Any CPU.Build.0 = Release|Any CPU
		{F72FCF7D-A61E-4E06-B395-AC0D18639BF6}.Release|x64.ActiveCfg = Release|Any CPU
		{F72FCF7D-A61E-4E06-B395-AC0D18639BF6}.Release|x64.Build.0 = Release|Any CPU
		{F72FCF7D-A61E-4E06-B395-AC0D18639BF6}.Release|x86.ActiveCfg = Release|Any CPU
		{F72FCF7D-A61E-4E06-B395-AC0D18639BF6}.Release|x86.Build.0 = Release|Any CPU
		{0D055B8E-325E-49F5-968D-7B7463E56ED8}.Debug|Any CPU.ActiveCfg = Debug|Any CPU
		{0D055B8E-325E-49F5-968D-7B7463E56ED8}.Debug|Any CPU.Build.0 = Debug|Any CPU
		{0D055B8E-325E-49F5-968D-7B7463E56ED8}.Debug|x64.ActiveCfg = Debug|Any CPU
		{0D055B8E-325E-49F5-968D-7B7463E56ED8}.Debug|x64.Build.0 = Debug|Any CPU
		{0D055B8E-325E-49F5-968D-7B7463E56ED8}.Debug|x86.ActiveCfg = Debug|Any CPU
		{0D055B8E-325E-49F5-968D-7B7463E56ED8}.Debug|x86.Build.0 = Debug|Any CPU
		{0D055B8E-325E-49F5-968D-7B7463E56ED8}.Release|Any CPU.ActiveCfg = Release|Any CPU
		{0D055B8E-325E-49F5-968D-7B7463E56ED8}.Release|Any CPU.Build.0 = Release|Any CPU
		{0D055B8E-325E-49F5-968D-7B7463E56ED8}.Release|x64.ActiveCfg = Release|Any CPU
		{0D055B8E-325E-49F5-968D-7B7463E56ED8}.Release|x64.Build.0 = Release|Any CPU
		{0D055B8E-325E-49F5-968D-7B7463E56ED8}.Release|x86.ActiveCfg = Release|Any CPU
		{0D055B8E-325E-49F5-968D-7B7463E56ED8}.Release|x86.Build.0 = Release|Any CPU
		{8F67453E-B524-4DCE-A882-A606A16D7155}.Debug|Any CPU.ActiveCfg = Debug|Any CPU
		{8F67453E-B524-4DCE-A882-A606A16D7155}.Debug|Any CPU.Build.0 = Debug|Any CPU
		{8F67453E-B524-4DCE-A882-A606A16D7155}.Debug|x64.ActiveCfg = Debug|Any CPU
		{8F67453E-B524-4DCE-A882-A606A16D7155}.Debug|x64.Build.0 = Debug|Any CPU
		{8F67453E-B524-4DCE-A882-A606A16D7155}.Debug|x86.ActiveCfg = Debug|Any CPU
		{8F67453E-B524-4DCE-A882-A606A16D7155}.Debug|x86.Build.0 = Debug|Any CPU
		{8F67453E-B524-4DCE-A882-A606A16D7155}.Release|Any CPU.ActiveCfg = Release|Any CPU
		{8F67453E-B524-4DCE-A882-A606A16D7155}.Release|Any CPU.Build.0 = Release|Any CPU
		{8F67453E-B524-4DCE-A882-A606A16D7155}.Release|x64.ActiveCfg = Release|Any CPU
		{8F67453E-B524-4DCE-A882-A606A16D7155}.Release|x64.Build.0 = Release|Any CPU
		{8F67453E-B524-4DCE-A882-A606A16D7155}.Release|x86.ActiveCfg = Release|Any CPU
		{8F67453E-B524-4DCE-A882-A606A16D7155}.Release|x86.Build.0 = Release|Any CPU
		{6536D46C-3505-4E22-A89E-34CAC847E3B9}.Debug|Any CPU.ActiveCfg = Debug|Any CPU
		{6536D46C-3505-4E22-A89E-34CAC847E3B9}.Debug|Any CPU.Build.0 = Debug|Any CPU
		{6536D46C-3505-4E22-A89E-34CAC847E3B9}.Debug|x64.ActiveCfg = Debug|Any CPU
		{6536D46C-3505-4E22-A89E-34CAC847E3B9}.Debug|x64.Build.0 = Debug|Any CPU
		{6536D46C-3505-4E22-A89E-34CAC847E3B9}.Debug|x86.ActiveCfg = Debug|Any CPU
		{6536D46C-3505-4E22-A89E-34CAC847E3B9}.Debug|x86.Build.0 = Debug|Any CPU
		{6536D46C-3505-4E22-A89E-34CAC847E3B9}.Release|Any CPU.ActiveCfg = Release|Any CPU
		{6536D46C-3505-4E22-A89E-34CAC847E3B9}.Release|Any CPU.Build.0 = Release|Any CPU
		{6536D46C-3505-4E22-A89E-34CAC847E3B9}.Release|x64.ActiveCfg = Release|Any CPU
		{6536D46C-3505-4E22-A89E-34CAC847E3B9}.Release|x64.Build.0 = Release|Any CPU
		{6536D46C-3505-4E22-A89E-34CAC847E3B9}.Release|x86.ActiveCfg = Release|Any CPU
		{6536D46C-3505-4E22-A89E-34CAC847E3B9}.Release|x86.Build.0 = Release|Any CPU
		{A91B4AA6-208F-4DB9-906B-2DBC24E63222}.Debug|Any CPU.ActiveCfg = Debug|Any CPU
		{A91B4AA6-208F-4DB9-906B-2DBC24E63222}.Debug|Any CPU.Build.0 = Debug|Any CPU
		{A91B4AA6-208F-4DB9-906B-2DBC24E63222}.Debug|x64.ActiveCfg = Debug|Any CPU
		{A91B4AA6-208F-4DB9-906B-2DBC24E63222}.Debug|x64.Build.0 = Debug|Any CPU
		{A91B4AA6-208F-4DB9-906B-2DBC24E63222}.Debug|x86.ActiveCfg = Debug|Any CPU
		{A91B4AA6-208F-4DB9-906B-2DBC24E63222}.Debug|x86.Build.0 = Debug|Any CPU
		{A91B4AA6-208F-4DB9-906B-2DBC24E63222}.Release|Any CPU.ActiveCfg = Release|Any CPU
		{A91B4AA6-208F-4DB9-906B-2DBC24E63222}.Release|Any CPU.Build.0 = Release|Any CPU
		{A91B4AA6-208F-4DB9-906B-2DBC24E63222}.Release|x64.ActiveCfg = Release|Any CPU
		{A91B4AA6-208F-4DB9-906B-2DBC24E63222}.Release|x64.Build.0 = Release|Any CPU
		{A91B4AA6-208F-4DB9-906B-2DBC24E63222}.Release|x86.ActiveCfg = Release|Any CPU
		{A91B4AA6-208F-4DB9-906B-2DBC24E63222}.Release|x86.Build.0 = Release|Any CPU
	EndGlobalSection
	GlobalSection(SolutionProperties) = preSolution
		HideSolutionNode = FALSE
	EndGlobalSection
	GlobalSection(NestedProjects) = preSolution
		{F72FCF7D-A61E-4E06-B395-AC0D18639BF6} = {8DA1F39D-D82F-420B-AD20-4FF2A34CB664}
		{0D055B8E-325E-49F5-968D-7B7463E56ED8} = {8DA1F39D-D82F-420B-AD20-4FF2A34CB664}
		{8F67453E-B524-4DCE-A882-A606A16D7155} = {8DA1F39D-D82F-420B-AD20-4FF2A34CB664}
		{6536D46C-3505-4E22-A89E-34CAC847E3B9} = {8DA1F39D-D82F-420B-AD20-4FF2A34CB664}
		{A91B4AA6-208F-4DB9-906B-2DBC24E63222} = {8DA1F39D-D82F-420B-AD20-4FF2A34CB664}
	EndGlobalSection
	GlobalSection(ExtensibilityGlobals) = postSolution
		SolutionGuid = {29A1C526-C03D-4794-BEBC-1BDACCF221C5}
	EndGlobalSection
EndGlobal
